
Microsoft Visual Studio Solution File, Format Version 12.00
# Visual Studio Version 17
VisualStudioVersion = 17.5.33530.505
MinimumVisualStudioVersion = 10.0.40219.1
Project("{FAE04EC0-301F-11D3-BF4B-00C04F79EFBC}") = "RomanConvertorTest", "RomanConvertorTest\RomanConvertorTest.csproj", "{EB93F21E-06EA-4707-B1B0-6A60FD0A1DE4}"
EndProject
Project("{FAE04EC0-301F-11D3-BF4B-00C04F79EFBC}") = "RomanNumberConvertor", "RomanNumberConvertor\RomanNumberConvertor.csproj", "{20BD165A-1BDB-4602-9009-426BC0A07E33}"
EndProject
Global
	GlobalSection(SolutionConfigurationPlatforms) = preSolution
		Debug|Any CPU = Debug|Any CPU
		Release|Any CPU = Release|Any CPU
	EndGlobalSection
	GlobalSection(ProjectConfigurationPlatforms) = postSolution
		{EB93F21E-06EA-4707-B1B0-6A60FD0A1DE4}.Debug|Any CPU.ActiveCfg = Debug|Any CPU
		{EB93F21E-06EA-4707-B1B0-6A60FD0A1DE4}.Debug|Any CPU.Build.0 = Debug|Any CPU
		{EB93F21E-06EA-4707-B1B0-6A60FD0A1DE4}.Release|Any CPU.ActiveCfg = Release|Any CPU
		{EB93F21E-06EA-4707-B1B0-6A60FD0A1DE4}.Release|Any CPU.Build.0 = Release|Any CPU
		{20BD165A-1BDB-4602-9009-426BC0A07E33}.Debug|Any CPU.ActiveCfg = Debug|Any CPU
		{20BD165A-1BDB-4602-9009-426BC0A07E33}.Debug|Any CPU.Build.0 = Debug|Any CPU
		{20BD165A-1BDB-4602-9009-426BC0A07E33}.Release|Any CPU.ActiveCfg = Release|Any CPU
		{20BD165A-1BDB-4602-9009-426BC0A07E33}.Release|Any CPU.Build.0 = Release|Any CPU
	EndGlobalSection
	GlobalSection(SolutionProperties) = preSolution
		HideSolutionNode = FALSE
	EndGlobalSection
	GlobalSection(ExtensibilityGlobals) = postSolution
		SolutionGuid = {FE2227B3-0A61-466D-A0F7-45181893A6B5}
	EndGlobalSection
EndGlobal
